
Microsoft Visual Studio Solution File, Format Version 12.00
# Visual Studio Version 16
VisualStudioVersion = 16.0.29613.14
MinimumVisualStudioVersion = 10.0.40219.1
Project("{FAE04EC0-301F-11D3-BF4B-00C04F79EFBC}") = "EstoquesBD.UWP", "EstoquesBD\EstoquesBD.UWP\EstoquesBD.UWP.csproj", "{B33A79B7-ED57-45C1-B6DB-B1B75F0E2078}"
EndProject
Project("{FAE04EC0-301F-11D3-BF4B-00C04F79EFBC}") = "EstoquesBD.Android", "EstoquesBD\EstoquesBD.Android\EstoquesBD.Android.csproj", "{2DF67DE5-B9D9-45A1-A0DF-9E7ECF0BC100}"
EndProject
Project("{FAE04EC0-301F-11D3-BF4B-00C04F79EFBC}") = "EstoquesBD.iOS", "EstoquesBD\EstoquesBD.iOS\EstoquesBD.iOS.csproj", "{305F05D7-9706-481B-910C-2626E0240088}"
EndProject
Project("{FAE04EC0-301F-11D3-BF4B-00C04F79EFBC}") = "EstoquesBD", "EstoquesBD\EstoquesBD\EstoquesBD.csproj", "{204AE84B-C5C0-4502-83CB-02CFB29A4B9F}"
EndProject
Global
	GlobalSection(SolutionConfigurationPlatforms) = preSolution
		Debug|Any CPU = Debug|Any CPU
		Debug|ARM = Debug|ARM
		Debug|iPhone = Debug|iPhone
		Debug|iPhoneSimulator = Debug|iPhoneSimulator
		Debug|x64 = Debug|x64
		Debug|x86 = Debug|x86
		Release|Any CPU = Release|Any CPU
		Release|ARM = Release|ARM
		Release|iPhone = Release|iPhone
		Release|iPhoneSimulator = Release|iPhoneSimulator
		Release|x64 = Release|x64
		Release|x86 = Release|x86
	EndGlobalSection
	GlobalSection(ProjectConfigurationPlatforms) = postSolution
		{B33A79B7-ED57-45C1-B6DB-B1B75F0E2078}.Debug|Any CPU.ActiveCfg = Debug|x86
		{B33A79B7-ED57-45C1-B6DB-B1B75F0E2078}.Debug|Any CPU.Build.0 = Debug|x86
		{B33A79B7-ED57-45C1-B6DB-B1B75F0E2078}.Debug|Any CPU.Deploy.0 = Debug|x86
		{B33A79B7-ED57-45C1-B6DB-B1B75F0E2078}.Debug|ARM.ActiveCfg = Debug|ARM
		{B33A79B7-ED57-45C1-B6DB-B1B75F0E2078}.Debug|ARM.Build.0 = Debug|ARM
		{B33A79B7-ED57-45C1-B6DB-B1B75F0E2078}.Debug|ARM.Deploy.0 = Debug|ARM
		{B33A79B7-ED57-45C1-B6DB-B1B75F0E2078}.Debug|iPhone.ActiveCfg = Debug|x86
		{B33A79B7-ED57-45C1-B6DB-B1B75F0E2078}.Debug|iPhone.Build.0 = Debug|x86
		{B33A79B7-ED57-45C1-B6DB-B1B75F0E2078}.Debug|iPhone.Deploy.0 = Debug|x86
		{B33A79B7-ED57-45C1-B6DB-B1B75F0E2078}.Debug|iPhoneSimulator.ActiveCfg = Debug|x86
		{B33A79B7-ED57-45C1-B6DB-B1B75F0E2078}.Debug|iPhoneSimulator.Build.0 = Debug|x86
		{B33A79B7-ED57-45C1-B6DB-B1B75F0E2078}.Debug|iPhoneSimulator.Deploy.0 = Debug|x86
		{B33A79B7-ED57-45C1-B6DB-B1B75F0E2078}.Debug|x64.ActiveCfg = Debug|x64
		{B33A79B7-ED57-45C1-B6DB-B1B75F0E2078}.Debug|x64.Build.0 = Debug|x64
		{B33A79B7-ED57-45C1-B6DB-B1B75F0E2078}.Debug|x64.Deploy.0 = Debug|x64
		{B33A79B7-ED57-45C1-B6DB-B1B75F0E2078}.Debug|x86.ActiveCfg = Debug|x86
		{B33A79B7-ED57-45C1-B6DB-B1B75F0E2078}.Debug|x86.Build.0 = Debug|x86
		{B33A79B7-ED57-45C1-B6DB-B1B75F0E2078}.Debug|x86.Deploy.0 = Debug|x86
		{B33A79B7-ED57-45C1-B6DB-B1B75F0E2078}.Release|Any CPU.ActiveCfg = Release|x86
		{B33A79B7-ED57-45C1-B6DB-B1B75F0E2078}.Release|Any CPU.Build.0 = Release|x86
		{B33A79B7-ED57-45C1-B6DB-B1B75F0E2078}.Release|Any CPU.Deploy.0 = Release|x86
		{B33A79B7-ED57-45C1-B6DB-B1B75F0E2078}.Release|ARM.ActiveCfg = Release|ARM
		{B33A79B7-ED57-45C1-B6DB-B1B75F0E2078}.Release|ARM.Build.0 = Release|ARM
		{B33A79B7-ED57-45C1-B6DB-B1B75F0E2078}.Release|ARM.Deploy.0 = Release|ARM
		{B33A79B7-ED57-45C1-B6DB-B1B75F0E2078}.Release|iPhone.ActiveCfg = Release|x86
		{B33A79B7-ED57-45C1-B6DB-B1B75F0E2078}.Release|iPhone.Build.0 = Release|x86
		{B33A79B7-ED57-45C1-B6DB-B1B75F0E2078}.Release|iPhone.Deploy.0 = Release|x86
		{B33A79B7-ED57-45C1-B6DB-B1B75F0E2078}.Release|iPhoneSimulator.ActiveCfg = Release|x86
		{B33A79B7-ED57-45C1-B6DB-B1B75F0E2078}.Release|iPhoneSimulator.Build.0 = Release|x86
		{B33A79B7-ED57-45C1-B6DB-B1B75F0E2078}.Release|iPhoneSimulator.Deploy.0 = Release|x86
		{B33A79B7-ED57-45C1-B6DB-B1B75F0E2078}.Release|x64.ActiveCfg = Release|x64
		{B33A79B7-ED57-45C1-B6DB-B1B75F0E2078}.Release|x64.Build.0 = Release|x64
		{B33A79B7-ED57-45C1-B6DB-B1B75F0E2078}.Release|x64.Deploy.0 = Release|x64
		{B33A79B7-ED57-45C1-B6DB-B1B75F0E2078}.Release|x86.ActiveCfg = Release|x86
		{B33A79B7-ED57-45C1-B6DB-B1B75F0E2078}.Release|x86.Build.0 = Release|x86
		{B33A79B7-ED57-45C1-B6DB-B1B75F0E2078}.Release|x86.Deploy.0 = Release|x86
		{2DF67DE5-B9D9-45A1-A0DF-9E7ECF0BC100}.Debug|Any CPU.ActiveCfg = Debug|Any CPU
		{2DF67DE5-B9D9-45A1-A0DF-9E7ECF0BC100}.Debug|Any CPU.Build.0 = Debug|Any CPU
		{2DF67DE5-B9D9-45A1-A0DF-9E7ECF0BC100}.Debug|Any CPU.Deploy.0 = Debug|Any CPU
		{2DF67DE5-B9D9-45A1-A0DF-9E7ECF0BC100}.Debug|ARM.ActiveCfg = Debug|Any CPU
		{2DF67DE5-B9D9-45A1-A0DF-9E7ECF0BC100}.Debug|ARM.Build.0 = Debug|Any CPU
		{2DF67DE5-B9D9-45A1-A0DF-9E7ECF0BC100}.Debug|ARM.Deploy.0 = Debug|Any CPU
		{2DF67DE5-B9D9-45A1-A0DF-9E7ECF0BC100}.Debug|iPhone.ActiveCfg = Debug|Any CPU
		{2DF67DE5-B9D9-45A1-A0DF-9E7ECF0BC100}.Debug|iPhone.Build.0 = Debug|Any CPU
		{2DF67DE5-B9D9-45A1-A0DF-9E7ECF0BC100}.Debug|iPhone.Deploy.0 = Debug|Any CPU
		{2DF67DE5-B9D9-45A1-A0DF-9E7ECF0BC100}.Debug|iPhoneSimulator.ActiveCfg = Debug|Any CPU
		{2DF67DE5-B9D9-45A1-A0DF-9E7ECF0BC100}.Debug|iPhoneSimulator.Build.0 = Debug|Any CPU
		{2DF67DE5-B9D9-45A1-A0DF-9E7ECF0BC100}.Debug|iPhoneSimulator.Deploy.0 = Debug|Any CPU
		{2DF67DE5-B9D9-45A1-A0DF-9E7ECF0BC100}.Debug|x64.ActiveCfg = Debug|Any CPU
		{2DF67DE5-B9D9-45A1-A0DF-9E7ECF0BC100}.Debug|x64.Build.0 = Debug|Any CPU
		{2DF67DE5-B9D9-45A1-A0DF-9E7ECF0BC100}.Debug|x64.Deploy.0 = Debug|Any CPU
		{2DF67DE5-B9D9-45A1-A0DF-9E7ECF0BC100}.Debug|x86.ActiveCfg = Debug|Any CPU
		{2DF67DE5-B9D9-45A1-A0DF-9E7ECF0BC100}.Debug|x86.Build.0 = Debug|Any CPU
		{2DF67DE5-B9D9-45A1-A0DF-9E7ECF0BC100}.Debug|x86.Deploy.0 = Debug|Any CPU
		{2DF67DE5-B9D9-45A1-A0DF-9E7ECF0BC100}.Release|Any CPU.ActiveCfg = Release|Any CPU
		{2DF67DE5-B9D9-45A1-A0DF-9E7ECF0BC100}.Release|Any CPU.Build.0 = Release|Any CPU
		{2DF67DE5-B9D9-45A1-A0DF-9E7ECF0BC100}.Release|Any CPU.Deploy.0 = Release|Any CPU
		{2DF67DE5-B9D9-45A1-A0DF-9E7ECF0BC100}.Release|ARM.ActiveCfg = Release|Any CPU
		{2DF67DE5-B9D9-45A1-A0DF-9E7ECF0BC100}.Release|ARM.Build.0 = Release|Any CPU
		{2DF67DE5-B9D9-45A1-A0DF-9E7ECF0BC100}.Release|ARM.Deploy.0 = Release|Any CPU
		{2DF67DE5-B9D9-45A1-A0DF-9E7ECF0BC100}.Release|iPhone.ActiveCfg = Release|Any CPU
		{2DF67DE5-B9D9-45A1-A0DF-9E7ECF0BC100}.Release|iPhone.Build.0 = Release|Any CPU
		{2DF67DE5-B9D9-45A1-A0DF-9E7ECF0BC100}.Release|iPhone.Deploy.0 = Release|Any CPU
		{2DF67DE5-B9D9-45A1-A0DF-9E7ECF0BC100}.Release|iPhoneSimulator.ActiveCfg = Release|Any CPU
		{2DF67DE5-B9D9-45A1-A0DF-9E7ECF0BC100}.Release|iPhoneSimulator.Build.0 = Release|Any CPU
		{2DF67DE5-B9D9-45A1-A0DF-9E7ECF0BC100}.Release|iPhoneSimulator.Deploy.0 = Release|Any CPU
		{2DF67DE5-B9D9-45A1-A0DF-9E7ECF0BC100}.Release|x64.ActiveCfg = Release|Any CPU
		{2DF67DE5-B9D9-45A1-A0DF-9E7ECF0BC100}.Release|x64.Build.0 = Release|Any CPU
		{2DF67DE5-B9D9-45A1-A0DF-9E7ECF0BC100}.Release|x64.Deploy.0 = Release|Any CPU
		{2DF67DE5-B9D9-45A1-A0DF-9E7ECF0BC100}.Release|x86.ActiveCfg = Release|Any CPU
		{2DF67DE5-B9D9-45A1-A0DF-9E7ECF0BC100}.Release|x86.Build.0 = Release|Any CPU
		{2DF67DE5-B9D9-45A1-A0DF-9E7ECF0BC100}.Release|x86.Deploy.0 = Release|Any CPU
		{305F05D7-9706-481B-910C-2626E0240088}.Debug|Any CPU.ActiveCfg = Debug|iPhone
		{305F05D7-9706-481B-910C-2626E0240088}.Debug|Any CPU.Build.0 = Debug|iPhone
		{305F05D7-9706-481B-910C-2626E0240088}.Debug|Any CPU.Deploy.0 = Debug|iPhone
		{305F05D7-9706-481B-910C-2626E0240088}.Debug|ARM.ActiveCfg = Debug|iPhoneSimulator
		{305F05D7-9706-481B-910C-2626E0240088}.Debug|ARM.Build.0 = Debug|iPhoneSimulator
		{305F05D7-9706-481B-910C-2626E0240088}.Debug|ARM.Deploy.0 = Debug|iPhoneSimulator
		{305F05D7-9706-481B-910C-2626E0240088}.Debug|iPhone.ActiveCfg = Debug|iPhone
		{305F05D7-9706-481B-910C-2626E0240088}.Debug|iPhone.Build.0 = Debug|iPhone
		{305F05D7-9706-481B-910C-2626E0240088}.Debug|iPhone.Deploy.0 = Debug|iPhone
		{305F05D7-9706-481B-910C-2626E0240088}.Debug|iPhoneSimulator.ActiveCfg = Debug|iPhoneSimulator
		{305F05D7-9706-481B-910C-2626E0240088}.Debug|iPhoneSimulator.Build.0 = Debug|iPhoneSimulator
		{305F05D7-9706-481B-910C-2626E0240088}.Debug|iPhoneSimulator.Deploy.0 = Debug|iPhoneSimulator
		{305F05D7-9706-481B-910C-2626E0240088}.Debug|x64.ActiveCfg = Debug|iPhone
		{305F05D7-9706-481B-910C-2626E0240088}.Debug|x64.Build.0 = Debug|iPhone
		{305F05D7-9706-481B-910C-2626E0240088}.Debug|x64.Deploy.0 = Debug|iPhone
		{305F05D7-9706-481B-910C-2626E0240088}.Debug|x86.ActiveCfg = Debug|iPhone
		{305F05D7-9706-481B-910C-2626E0240088}.Debug|x86.Build.0 = Debug|iPhone
		{305F05D7-9706-481B-910C-2626E0240088}.Debug|x86.Deploy.0 = Debug|iPhone
		{305F05D7-9706-481B-910C-2626E0240088}.Release|Any CPU.ActiveCfg = Release|iPhone
		{305F05D7-9706-481B-910C-2626E0240088}.Release|Any CPU.Build.0 = Release|iPhone
		{305F05D7-9706-481B-910C-2626E0240088}.Release|Any CPU.Deploy.0 = Release|iPhone
		{305F05D7-9706-481B-910C-2626E0240088}.Release|ARM.ActiveCfg = Release|iPhone
		{305F05D7-9706-481B-910C-2626E0240088}.Release|ARM.Build.0 = Release|iPhone
		{305F05D7-9706-481B-910C-2626E0240088}.Release|ARM.Deploy.0 = Release|iPhone
		{305F05D7-9706-481B-910C-2626E0240088}.Release|iPhone.ActiveCfg = Release|iPhone
		{305F05D7-9706-481B-910C-2626E0240088}.Release|iPhone.Build.0 = Release|iPhone
		{305F05D7-9706-481B-910C-2626E0240088}.Release|iPhone.Deploy.0 = Release|iPhone
		{305F05D7-9706-481B-910C-2626E0240088}.Release|iPhoneSimulator.ActiveCfg = Release|iPhoneSimulator
		{305F05D7-9706-481B-910C-2626E0240088}.Release|iPhoneSimulator.Build.0 = Release|iPhoneSimulator
		{305F05D7-9706-481B-910C-2626E0240088}.Release|iPhoneSimulator.Deploy.0 = Release|iPhoneSimulator
		{305F05D7-9706-481B-910C-2626E0240088}.Release|x64.ActiveCfg = Release|iPhone
		{305F05D7-9706-481B-910C-2626E0240088}.Release|x64.Build.0 = Release|iPhone
		{305F05D7-9706-481B-910C-2626E0240088}.Release|x64.Deploy.0 = Release|iPhone
		{305F05D7-9706-481B-910C-2626E0240088}.Release|x86.ActiveCfg = Release|iPhone
		{305F05D7-9706-481B-910C-2626E0240088}.Release|x86.Build.0 = Release|iPhone
		{305F05D7-9706-481B-910C-2626E0240088}.Release|x86.Deploy.0 = Release|iPhone
		{204AE84B-C5C0-4502-83CB-02CFB29A4B9F}.Debug|Any CPU.ActiveCfg = Debug|Any CPU
		{204AE84B-C5C0-4502-83CB-02CFB29A4B9F}.Debug|Any CPU.Build.0 = Debug|Any CPU
		{204AE84B-C5C0-4502-83CB-02CFB29A4B9F}.Debug|Any CPU.Deploy.0 = Debug|Any CPU
		{204AE84B-C5C0-4502-83CB-02CFB29A4B9F}.Debug|ARM.ActiveCfg = Debug|Any CPU
		{204AE84B-C5C0-4502-83CB-02CFB29A4B9F}.Debug|ARM.Build.0 = Debug|Any CPU
		{204AE84B-C5C0-4502-83CB-02CFB29A4B9F}.Debug|ARM.Deploy.0 = Debug|Any CPU
		{204AE84B-C5C0-4502-83CB-02CFB29A4B9F}.Debug|iPhone.ActiveCfg = Debug|Any CPU
		{204AE84B-C5C0-4502-83CB-02CFB29A4B9F}.Debug|iPhone.Build.0 = Debug|Any CPU
		{204AE84B-C5C0-4502-83CB-02CFB29A4B9F}.Debug|iPhone.Deploy.0 = Debug|Any CPU
		{204AE84B-C5C0-4502-83CB-02CFB29A4B9F}.Debug|iPhoneSimulator.ActiveCfg = Debug|Any CPU
		{204AE84B-C5C0-4502-83CB-02CFB29A4B9F}.Debug|iPhoneSimulator.Build.0 = Debug|Any CPU
		{204AE84B-C5C0-4502-83CB-02CFB29A4B9F}.Debug|iPhoneSimulator.Deploy.0 = Debug|Any CPU
		{204AE84B-C5C0-4502-83CB-02CFB29A4B9F}.Debug|x64.ActiveCfg = Debug|Any CPU
		{204AE84B-C5C0-4502-83CB-02CFB29A4B9F}.Debug|x64.Build.0 = Debug|Any CPU
		{204AE84B-C5C0-4502-83CB-02CFB29A4B9F}.Debug|x64.Deploy.0 = Debug|Any CPU
		{204AE84B-C5C0-4502-83CB-02CFB29A4B9F}.Debug|x86.ActiveCfg = Debug|Any CPU
		{204AE84B-C5C0-4502-83CB-02CFB29A4B9F}.Debug|x86.Build.0 = Debug|Any CPU
		{204AE84B-C5C0-4502-83CB-02CFB29A4B9F}.Debug|x86.Deploy.0 = Debug|Any CPU
		{204AE84B-C5C0-4502-83CB-02CFB29A4B9F}.Release|Any CPU.ActiveCfg = Release|Any CPU
		{204AE84B-C5C0-4502-83CB-02CFB29A4B9F}.Release|Any CPU.Build.0 = Release|Any CPU
		{204AE84B-C5C0-4502-83CB-02CFB29A4B9F}.Release|Any CPU.Deploy.0 = Release|Any CPU
		{204AE84B-C5C0-4502-83CB-02CFB29A4B9F}.Release|ARM.ActiveCfg = Release|Any CPU
		{204AE84B-C5C0-4502-83CB-02CFB29A4B9F}.Release|ARM.Build.0 = Release|Any CPU
		{204AE84B-C5C0-4502-83CB-02CFB29A4B9F}.Release|ARM.Deploy.0 = Release|Any CPU
		{204AE84B-C5C0-4502-83CB-02CFB29A4B9F}.Release|iPhone.ActiveCfg = Release|Any CPU
		{204AE84B-C5C0-4502-83CB-02CFB29A4B9F}.Release|iPhone.Build.0 = Release|Any CPU
		{204AE84B-C5C0-4502-83CB-02CFB29A4B9F}.Release|iPhone.Deploy.0 = Release|Any CPU
		{204AE84B-C5C0-4502-83CB-02CFB29A4B9F}.Release|iPhoneSimulator.ActiveCfg = Release|Any CPU
		{204AE84B-C5C0-4502-83CB-02CFB29A4B9F}.Release|iPhoneSimulator.Build.0 = Release|Any CPU
		{204AE84B-C5C0-4502-83CB-02CFB29A4B9F}.Release|iPhoneSimulator.Deploy.0 = Release|Any CPU
		{204AE84B-C5C0-4502-83CB-02CFB29A4B9F}.Release|x64.ActiveCfg = Release|Any CPU
		{204AE84B-C5C0-4502-83CB-02CFB29A4B9F}.Release|x64.Build.0 = Release|Any CPU
		{204AE84B-C5C0-4502-83CB-02CFB29A4B9F}.Release|x64.Deploy.0 = Release|Any CPU
		{204AE84B-C5C0-4502-83CB-02CFB29A4B9F}.Release|x86.ActiveCfg = Release|Any CPU
		{204AE84B-C5C0-4502-83CB-02CFB29A4B9F}.Release|x86.Build.0 = Release|Any CPU
		{204AE84B-C5C0-4502-83CB-02CFB29A4B9F}.Release|x86.Deploy.0 = Release|Any CPU
	EndGlobalSection
	GlobalSection(SolutionProperties) = preSolution
		HideSolutionNode = FALSE
	EndGlobalSection
	GlobalSection(ExtensibilityGlobals) = postSolution
		SolutionGuid = {8D9294D7-A7EB-41D6-A6B0-82B0CD48B804}
	EndGlobalSection
EndGlobal
